// !$*UTF8*$!
{
	archiveVersion = 1;
	classes = {
	};
	objectVersion = 56;
	objects = {

/* Begin PBXBuildFile section */
		D01499A32C175ECA0009069B /* SwiftShortNotes_inOneApp.swift in Sources */ = {isa = PBXBuildFile; fileRef = D01499A22C175ECA0009069B /* SwiftShortNotes_inOneApp.swift */; };
		D01499A72C175ECB0009069B /* Assets.xcassets in Resources */ = {isa = PBXBuildFile; fileRef = D01499A62C175ECB0009069B /* Assets.xcassets */; };
		D01499AA2C175ECB0009069B /* Preview Assets.xcassets in Resources */ = {isa = PBXBuildFile; fileRef = D01499A92C175ECB0009069B /* Preview Assets.xcassets */; };
		D04F9C182C17AE7D00DD42CA /* CameraViewController.swift in Sources */ = {isa = PBXBuildFile; fileRef = D04F9C172C17AE7D00DD42CA /* CameraViewController.swift */; };
		D04F9C1C2C17AEA300DD42CA /* CA-HomeView.swift in Sources */ = {isa = PBXBuildFile; fileRef = D04F9C1B2C17AEA300DD42CA /* CA-HomeView.swift */; };
		D06932A02C175FFE00B59DB4 /* LA-HomeView.swift in Sources */ = {isa = PBXBuildFile; fileRef = D069329F2C175FFE00B59DB4 /* LA-HomeView.swift */; };
		D06932A42C17645300B59DB4 /* LocationManager.swift in Sources */ = {isa = PBXBuildFile; fileRef = D06932A32C17645300B59DB4 /* LocationManager.swift */; };
/* End PBXBuildFile section */

/* Begin PBXFileReference section */
		D014999F2C175ECA0009069B /* SwiftShortNotes-inOne.app */ = {isa = PBXFileReference; explicitFileType = wrapper.application; includeInIndex = 0; path = "SwiftShortNotes-inOne.app"; sourceTree = BUILT_PRODUCTS_DIR; };
		D01499A22C175ECA0009069B /* SwiftShortNotes_inOneApp.swift */ = {isa = PBXFileReference; lastKnownFileType = sourcecode.swift; path = SwiftShortNotes_inOneApp.swift; sourceTree = "<group>"; };
		D01499A62C175ECB0009069B /* Assets.xcassets */ = {isa = PBXFileReference; lastKnownFileType = folder.assetcatalog; path = Assets.xcassets; sourceTree = "<group>"; };
		D01499A92C175ECB0009069B /* Preview Assets.xcassets */ = {isa = PBXFileReference; lastKnownFileType = folder.assetcatalog; path = "Preview Assets.xcassets"; sourceTree = "<group>"; };
		D04F9C172C17AE7D00DD42CA /* CameraViewController.swift */ = {isa = PBXFileReference; lastKnownFileType = sourcecode.swift; path = CameraViewController.swift; sourceTree = "<group>"; };
		D04F9C1B2C17AEA300DD42CA /* CA-HomeView.swift */ = {isa = PBXFileReference; lastKnownFileType = sourcecode.swift; path = "CA-HomeView.swift"; sourceTree = "<group>"; };
		D069329F2C175FFE00B59DB4 /* LA-HomeView.swift */ = {isa = PBXFileReference; lastKnownFileType = sourcecode.swift; path = "LA-HomeView.swift"; sourceTree = "<group>"; };
		D06932A32C17645300B59DB4 /* LocationManager.swift */ = {isa = PBXFileReference; lastKnownFileType = sourcecode.swift; path = LocationManager.swift; sourceTree = "<group>"; };
/* End PBXFileReference section */

/* Begin PBXFrameworksBuildPhase section */
		D014999C2C175ECA0009069B /* Frameworks */ = {
			isa = PBXFrameworksBuildPhase;
			buildActionMask = 2147483647;
			files = (
			);
			runOnlyForDeploymentPostprocessing = 0;
		};
/* End PBXFrameworksBuildPhase section */

/* Begin PBXGroup section */
		D01499962C175ECA0009069B = {
			isa = PBXGroup;
			children = (
				D01499A22C175ECA0009069B /* SwiftShortNotes_inOneApp.swift */,
				D01499A12C175ECA0009069B /* SwiftShortNotes-inOne */,
				D01499A02C175ECA0009069B /* Products */,
			);
			sourceTree = "<group>";
		};
		D01499A02C175ECA0009069B /* Products */ = {
			isa = PBXGroup;
			children = (
				D014999F2C175ECA0009069B /* SwiftShortNotes-inOne.app */,
			);
			name = Products;
			sourceTree = "<group>";
		};
		D01499A12C175ECA0009069B /* SwiftShortNotes-inOne */ = {
			isa = PBXGroup;
			children = (
				D04F9C162C17AE5A00DD42CA /* CameraAccess */,
				D069329E2C175FE500B59DB4 /* LocationAccess */,
				D01499B02C175EF60009069B /* DefaultFolder */,
				D01499A82C175ECB0009069B /* Preview Content */,
			);
			path = "SwiftShortNotes-inOne";
			sourceTree = "<group>";
		};
		D01499A82C175ECB0009069B /* Preview Content */ = {
			isa = PBXGroup;
			children = (
				D01499A92C175ECB0009069B /* Preview Assets.xcassets */,
			);
			path = "Preview Content";
			sourceTree = "<group>";
		};
		D01499B02C175EF60009069B /* DefaultFolder */ = {
			isa = PBXGroup;
			children = (
				D01499A62C175ECB0009069B /* Assets.xcassets */,
			);
			path = DefaultFolder;
			sourceTree = "<group>";
		};
		D04F9C162C17AE5A00DD42CA /* CameraAccess */ = {
			isa = PBXGroup;
			children = (
				D04F9C172C17AE7D00DD42CA /* CameraViewController.swift */,
				D04F9C1B2C17AEA300DD42CA /* CA-HomeView.swift */,
			);
			path = CameraAccess;
			sourceTree = "<group>";
		};
		D069329E2C175FE500B59DB4 /* LocationAccess */ = {
			isa = PBXGroup;
			children = (
				D069329F2C175FFE00B59DB4 /* LA-HomeView.swift */,
				D06932A32C17645300B59DB4 /* LocationManager.swift */,
			);
			path = LocationAccess;
			sourceTree = "<group>";
		};
/* End PBXGroup section */

/* Begin PBXNativeTarget section */
		D014999E2C175ECA0009069B /* SwiftShortNotes-inOne */ = {
			isa = PBXNativeTarget;
			buildConfigurationList = D01499AD2C175ECB0009069B /* Build configuration list for PBXNativeTarget "SwiftShortNotes-inOne" */;
			buildPhases = (
				D014999B2C175ECA0009069B /* Sources */,
				D014999C2C175ECA0009069B /* Frameworks */,
				D014999D2C175ECA0009069B /* Resources */,
			);
			buildRules = (
			);
			dependencies = (
			);
			name = "SwiftShortNotes-inOne";
			productName = "SwiftShortNotes-inOne";
			productReference = D014999F2C175ECA0009069B /* SwiftShortNotes-inOne.app */;
			productType = "com.apple.product-type.application";
		};
/* End PBXNativeTarget section */

/* Begin PBXProject section */
		D01499972C175ECA0009069B /* Project object */ = {
			isa = PBXProject;
			attributes = {
				BuildIndependentTargetsInParallel = 1;
				LastSwiftUpdateCheck = 1540;
				LastUpgradeCheck = 1540;
				TargetAttributes = {
					D014999E2C175ECA0009069B = {
						CreatedOnToolsVersion = 15.4;
					};
				};
			};
			buildConfigurationList = D014999A2C175ECA0009069B /* Build configuration list for PBXProject "SwiftShortNotes-inOne" */;
			compatibilityVersion = "Xcode 14.0";
			developmentRegion = en;
			hasScannedForEncodings = 0;
			knownRegions = (
				en,
				Base,
			);
			mainGroup = D01499962C175ECA0009069B;
			productRefGroup = D01499A02C175ECA0009069B /* Products */;
			projectDirPath = "";
			projectRoot = "";
			targets = (
				D014999E2C175ECA0009069B /* SwiftShortNotes-inOne */,
			);
		};
/* End PBXProject section */

/* Begin PBXResourcesBuildPhase section */
		D014999D2C175ECA0009069B /* Resources */ = {
			isa = PBXResourcesBuildPhase;
			buildActionMask = 2147483647;
			files = (
				D01499AA2C175ECB0009069B /* Preview Assets.xcassets in Resources */,
				D01499A72C175ECB0009069B /* Assets.xcassets in Resources */,
			);
			runOnlyForDeploymentPostprocessing = 0;
		};
/* End PBXResourcesBuildPhase section */

/* Begin PBXSourcesBuildPhase section */
		D014999B2C175ECA0009069B /* Sources */ = {
			isa = PBXSourcesBuildPhase;
			buildActionMask = 2147483647;
			files = (
				D06932A42C17645300B59DB4 /* LocationManager.swift in Sources */,
				D04F9C182C17AE7D00DD42CA /* CameraViewController.swift in Sources */,
				D06932A02C175FFE00B59DB4 /* LA-HomeView.swift in Sources */,
				D01499A32C175ECA0009069B /* SwiftShortNotes_inOneApp.swift in Sources */,
				D04F9C1C2C17AEA300DD42CA /* CA-HomeView.swift in Sources */,
			);
			runOnlyForDeploymentPostprocessing = 0;
		};
/* End PBXSourcesBuildPhase section */

/* Begin XCBuildConfiguration section */
		D01499AB2C175ECB0009069B /* Debug */ = {
			isa = XCBuildConfiguration;
			buildSettings = {
				ALWAYS_SEARCH_USER_PATHS = NO;
				ASSETCATALOG_COMPILER_GENERATE_SWIFT_ASSET_SYMBOL_EXTENSIONS = YES;
				CLANG_ANALYZER_NONNULL = YES;
				CLANG_ANALYZER_NUMBER_OBJECT_CONVERSION = YES_AGGRESSIVE;
				CLANG_CXX_LANGUAGE_STANDARD = "gnu++20";
				CLANG_ENABLE_MODULES = YES;
				CLANG_ENABLE_OBJC_ARC = YES;
				CLANG_ENABLE_OBJC_WEAK = YES;
				CLANG_WARN_BLOCK_CAPTURE_AUTORELEASING = YES;
				CLANG_WARN_BOOL_CONVERSION = YES;
				CLANG_WARN_COMMA = YES;
				CLANG_WARN_CONSTANT_CONVERSION = YES;
				CLANG_WARN_DEPRECATED_OBJC_IMPLEMENTATIONS = YES;
				CLANG_WARN_DIRECT_OBJC_ISA_USAGE = YES_ERROR;
				CLANG_WARN_DOCUMENTATION_COMMENTS = YES;
				CLANG_WARN_EMPTY_BODY = YES;
				CLANG_WARN_ENUM_CONVERSION = YES;
				CLANG_WARN_INFINITE_RECURSION = YES;
				CLANG_WARN_INT_CONVERSION = YES;
				CLANG_WARN_NON_LITERAL_NULL_CONVERSION = YES;
				CLANG_WARN_OBJC_IMPLICIT_RETAIN_SELF = YES;
				CLANG_WARN_OBJC_LITERAL_CONVERSION = YES;
				CLANG_WARN_OBJC_ROOT_CLASS = YES_ERROR;
				CLANG_WARN_QUOTED_INCLUDE_IN_FRAMEWORK_HEADER = YES;
				CLANG_WARN_RANGE_LOOP_ANALYSIS = YES;
				CLANG_WARN_STRICT_PROTOTYPES = YES;
				CLANG_WARN_SUSPICIOUS_MOVE = YES;
				CLANG_WARN_UNGUARDED_AVAILABILITY = YES_AGGRESSIVE;
				CLANG_WARN_UNREACHABLE_CODE = YES;
				CLANG_WARN__DUPLICATE_METHOD_MATCH = YES;
				COPY_PHASE_STRIP = NO;
				DEBUG_INFORMATION_FORMAT = dwarf;
				ENABLE_STRICT_OBJC_MSGSEND = YES;
				ENABLE_TESTABILITY = YES;
				ENABLE_USER_SCRIPT_SANDBOXING = YES;
				GCC_C_LANGUAGE_STANDARD = gnu17;
				GCC_DYNAMIC_NO_PIC = NO;
				GCC_NO_COMMON_BLOCKS = YES;
				GCC_OPTIMIZATION_LEVEL = 0;
				GCC_PREPROCESSOR_DEFINITIONS = (
					"DEBUG=1",
					"$(inherited)",
				);
				GCC_WARN_64_TO_32_BIT_CONVERSION = YES;
				GCC_WARN_ABOUT_RETURN_TYPE = YES_ERROR;
				GCC_WARN_UNDECLARED_SELECTOR = YES;
				GCC_WARN_UNINITIALIZED_AUTOS = YES_AGGRESSIVE;
				GCC_WARN_UNUSED_FUNCTION = YES;
				GCC_WARN_UNUSED_VARIABLE = YES;
				IPHONEOS_DEPLOYMENT_TARGET = 17.5;
				LOCALIZATION_PREFERS_STRING_CATALOGS = YES;
				MTL_ENABLE_DEBUG_INFO = INCLUDE_SOURCE;
				MTL_FAST_MATH = YES;
				ONLY_ACTIVE_ARCH = YES;
				SDKROOT = iphoneos;
				SWIFT_ACTIVE_COMPILATION_CONDITIONS = "DEBUG $(inherited)";
				SWIFT_OPTIMIZATION_LEVEL = "-Onone";
			};
			name = Debug;
		};
		D01499AC2C175ECB0009069B /* Release */ = {
			isa = XCBuildConfiguration;
			buildSettings = {
				ALWAYS_SEARCH_USER_PATHS = NO;
				ASSETCATALOG_COMPILER_GENERATE_SWIFT_ASSET_SYMBOL_EXTENSIONS = YES;
				CLANG_ANALYZER_NONNULL = YES;
				CLANG_ANALYZER_NUMBER_OBJECT_CONVERSION = YES_AGGRESSIVE;
				CLANG_CXX_LANGUAGE_STANDARD = "gnu++20";
				CLANG_ENABLE_MODULES = YES;
				CLANG_ENABLE_OBJC_ARC = YES;
				CLANG_ENABLE_OBJC_WEAK = YES;
				CLANG_WARN_BLOCK_CAPTURE_AUTORELEASING = YES;
				CLANG_WARN_BOOL_CONVERSION = YES;
				CLANG_WARN_COMMA = YES;
				CLANG_WARN_CONSTANT_CONVERSION = YES;
				CLANG_WARN_DEPRECATED_OBJC_IMPLEMENTATIONS = YES;
				CLANG_WARN_DIRECT_OBJC_ISA_USAGE = YES_ERROR;
				CLANG_WARN_DOCUMENTATION_COMMENTS = YES;
				CLANG_WARN_EMPTY_BODY = YES;
				CLANG_WARN_ENUM_CONVERSION = YES;
				CLANG_WARN_INFINITE_RECURSION = YES;
				CLANG_WARN_INT_CONVERSION = YES;
				CLANG_WARN_NON_LITERAL_NULL_CONVERSION = YES;
				CLANG_WARN_OBJC_IMPLICIT_RETAIN_SELF = YES;
				CLANG_WARN_OBJC_LITERAL_CONVERSION = YES;
				CLANG_WARN_OBJC_ROOT_CLASS = YES_ERROR;
				CLANG_WARN_QUOTED_INCLUDE_IN_FRAMEWORK_HEADER = YES;
				CLANG_WARN_RANGE_LOOP_ANALYSIS = YES;
				CLANG_WARN_STRICT_PROTOTYPES = YES;
				CLANG_WARN_SUSPICIOUS_MOVE = YES;
				CLANG_WARN_UNGUARDED_AVAILABILITY = YES_AGGRESSIVE;
				CLANG_WARN_UNREACHABLE_CODE = YES;
				CLANG_WARN__DUPLICATE_METHOD_MATCH = YES;
				COPY_PHASE_STRIP = NO;
				DEBUG_INFORMATION_FORMAT = "dwarf-with-dsym";
				ENABLE_NS_ASSERTIONS = NO;
				ENABLE_STRICT_OBJC_MSGSEND = YES;
				ENABLE_USER_SCRIPT_SANDBOXING = YES;
				GCC_C_LANGUAGE_STANDARD = gnu17;
				GCC_NO_COMMON_BLOCKS = YES;
				GCC_WARN_64_TO_32_BIT_CONVERSION = YES;
				GCC_WARN_ABOUT_RETURN_TYPE = YES_ERROR;
				GCC_WARN_UNDECLARED_SELECTOR = YES;
				GCC_WARN_UNINITIALIZED_AUTOS = YES_AGGRESSIVE;
				GCC_WARN_UNUSED_FUNCTION = YES;
				GCC_WARN_UNUSED_VARIABLE = YES;
				IPHONEOS_DEPLOYMENT_TARGET = 17.5;
				LOCALIZATION_PREFERS_STRING_CATALOGS = YES;
				MTL_ENABLE_DEBUG_INFO = NO;
				MTL_FAST_MATH = YES;
				SDKROOT = iphoneos;
				SWIFT_COMPILATION_MODE = wholemodule;
				VALIDATE_PRODUCT = YES;
			};
			name = Release;
		};
		D01499AE2C175ECB0009069B /* Debug */ = {
			isa = XCBuildConfiguration;
			buildSettings = {
				ASSETCATALOG_COMPILER_APPICON_NAME = AppIcon;
				ASSETCATALOG_COMPILER_GLOBAL_ACCENT_COLOR_NAME = AccentColor;
				CODE_SIGN_STYLE = Automatic;
				CURRENT_PROJECT_VERSION = 1;
				DEVELOPMENT_ASSET_PATHS = "\"SwiftShortNotes-inOne/Preview Content\"";
				DEVELOPMENT_TEAM = YL5YL5328S;
				ENABLE_PREVIEWS = YES;
				GENERATE_INFOPLIST_FILE = YES;
				INFOPLIST_FILE = "SwiftShortNotes-inOne/Info.plist";
				INFOPLIST_KEY_LSApplicationCategoryType = "Privacy - Location";
				INFOPLIST_KEY_NSCameraUsageDescription = "";
				INFOPLIST_KEY_NSLocationAlwaysAndWhenInUseUsageDescription = "";
				INFOPLIST_KEY_NSLocationAlwaysUsageDescription = "";
				INFOPLIST_KEY_NSLocationUsageDescription = "";
				INFOPLIST_KEY_NSLocationWhenInUseUsageDescription = "";
				INFOPLIST_KEY_NSPhotoLibraryAddUsageDescription = "";
				INFOPLIST_KEY_NSPhotoLibraryUsageDescription = "";
				INFOPLIST_KEY_UIApplicationSceneManifest_Generation = YES;
				INFOPLIST_KEY_UIApplicationSupportsIndirectInputEvents = YES;
				INFOPLIST_KEY_UILaunchScreen_Generation = YES;
				INFOPLIST_KEY_UISupportedInterfaceOrientations_iPad = "UIInterfaceOrientationPortrait UIInterfaceOrientationPortraitUpsideDown UIInterfaceOrientationLandscapeLeft UIInterfaceOrientationLandscapeRight";
				INFOPLIST_KEY_UISupportedInterfaceOrientations_iPhone = "UIInterfaceOrientationPortrait UIInterfaceOrientationLandscapeLeft UIInterfaceOrientationLandscapeRight";
				LD_RUNPATH_SEARCH_PATHS = (
					"$(inherited)",
					"@executable_path/Frameworks",
				);
				MARKETING_VERSION = 1.0;
				PRODUCT_BUNDLE_IDENTIFIER = "doguner.com.SwiftShortNotes-inOne";
				PRODUCT_NAME = "$(TARGET_NAME)";
				SWIFT_EMIT_LOC_STRINGS = YES;
				SWIFT_VERSION = 5.0;
				TARGETED_DEVICE_FAMILY = "1,2";
			};
			name = Debug;
		};
		D01499AF2C175ECB0009069B /* Release */ = {
			isa = XCBuildConfiguration;
			buildSettings = {
				ASSETCATALOG_COMPILER_APPICON_NAME = AppIcon;
				ASSETCATALOG_COMPILER_GLOBAL_ACCENT_COLOR_NAME = AccentColor;
				CODE_SIGN_STYLE = Automatic;
				CURRENT_PROJECT_VERSION = 1;
				DEVELOPMENT_ASSET_PATHS = "\"SwiftShortNotes-inOne/Preview Content\"";
				DEVELOPMENT_TEAM = YL5YL5328S;
				ENABLE_PREVIEWS = YES;
				GENERATE_INFOPLIST_FILE = YES;
				INFOPLIST_FILE = "SwiftShortNotes-inOne/Info.plist";
				INFOPLIST_KEY_LSApplicationCategoryType = "Privacy - Location";
				INFOPLIST_KEY_NSCameraUsageDescription = "";
				INFOPLIST_KEY_NSLocationAlwaysAndWhenInUseUsageDescription = "";
				INFOPLIST_KEY_NSLocationAlwaysUsageDescription = "";
				INFOPLIST_KEY_NSLocationUsageDescription = "";
				INFOPLIST_KEY_NSLocationWhenInUseUsageDescription = "";
				INFOPLIST_KEY_NSPhotoLibraryAddUsageDescription = "";
				INFOPLIST_KEY_NSPhotoLibraryUsageDescription = "";
				INFOPLIST_KEY_UIApplicationSceneManifest_Generation = YES;
				INFOPLIST_KEY_UIApplicationSupportsIndirectInputEvents = YES;
				INFOPLIST_KEY_UILaunchScreen_Generation = YES;
				INFOPLIST_KEY_UISupportedInterfaceOrientations_iPad = "UIInterfaceOrientationPortrait UIInterfaceOrientationPortraitUpsideDown UIInterfaceOrientationLandscapeLeft UIInterfaceOrientationLandscapeRight";
				INFOPLIST_KEY_UISupportedInterfaceOrientations_iPhone = "UIInterfaceOrientationPortrait UIInterfaceOrientationLandscapeLeft UIInterfaceOrientationLandscapeRight";
				LD_RUNPATH_SEARCH_PATHS = (
					"$(inherited)",
					"@executable_path/Frameworks",
				);
				MARKETING_VERSION = 1.0;
				PRODUCT_BUNDLE_IDENTIFIER = "doguner.com.SwiftShortNotes-inOne";
				PRODUCT_NAME = "$(TARGET_NAME)";
				SWIFT_EMIT_LOC_STRINGS = YES;
				SWIFT_VERSION = 5.0;
				TARGETED_DEVICE_FAMILY = "1,2";
			};
			name = Release;
		};
/* End XCBuildConfiguration section */

/* Begin XCConfigurationList section */
		D014999A2C175ECA0009069B /* Build configuration list for PBXProject "SwiftShortNotes-inOne" */ = {
			isa = XCConfigurationList;
			buildConfigurations = (
				D01499AB2C175ECB0009069B /* Debug */,
				D01499AC2C175ECB0009069B /* Release */,
			);
			defaultConfigurationIsVisible = 0;
			defaultConfigurationName = Release;
		};
		D01499AD2C175ECB0009069B /* Build configuration list for PBXNativeTarget "SwiftShortNotes-inOne" */ = {
			isa = XCConfigurationList;
			buildConfigurations = (
				D01499AE2C175ECB0009069B /* Debug */,
				D01499AF2C175ECB0009069B /* Release */,
			);
			defaultConfigurationIsVisible = 0;
			defaultConfigurationName = Release;
		};
/* End XCConfigurationList section */
	};
	rootObject = D01499972C175ECA0009069B /* Project object */;
}
